
Microsoft Visual Studio Solution File, Format Version 11.00
# Visual C++ Express 2010
Project("{8BC9CEB8-8B4A-11D0-8D11-00A0C91BC942}") = "2D Project", "2D Project\2D Project.vcxproj", "{41730D94-58CE-4B91-9827-D152019981D2}"
EndProject
Global
	GlobalSection(SolutionConfigurationPlatforms) = preSolution
		Debug|Win32 = Debug|Win32
		Release|Win32 = Release|Win32
	EndGlobalSection
	GlobalSection(ProjectConfigurationPlatforms) = postSolution
		{41730D94-58CE-4B91-9827-D152019981D2}.Debug|Win32.ActiveCfg = Debug|Win32
		{41730D94-58CE-4B91-9827-D152019981D2}.Debug|Win32.Build.0 = Debug|Win32
		{41730D94-58CE-4B91-9827-D152019981D2}.Release|Win32.ActiveCfg = Release|Win32
		{41730D94-58CE-4B91-9827-D152019981D2}.Release|Win32.Build.0 = Release|Win32
	EndGlobalSection
	GlobalSection(SolutionProperties) = preSolution
		HideSolutionNode = FALSE
	EndGlobalSection
EndGlobal
